
Microsoft Visual Studio Solution File, Format Version 12.00
# Visual Studio Version 17
VisualStudioVersion = 17.5.001.0
MinimumVisualStudioVersion = 10.0.40219.1
Project("{9A19103F-16F7-4668-BE54-9A1E7A4F7556}") = "Develop04", "Develop04.csproj", "{8BA16BCD-4F72-425F-906B-F08174D4D7EE}"
EndProject
Global
	GlobalSection(SolutionConfigurationPlatforms) = preSolution
		Debug|Any CPU = Debug|Any CPU
		Release|Any CPU = Release|Any CPU
	EndGlobalSection
	GlobalSection(ProjectConfigurationPlatforms) = postSolution
		{8BA16BCD-4F72-425F-906B-F08174D4D7EE}.Debug|Any CPU.ActiveCfg = Debug|Any CPU
		{8BA16BCD-4F72-425F-906B-F08174D4D7EE}.Debug|Any CPU.Build.0 = Debug|Any CPU
		{8BA16BCD-4F72-425F-906B-F08174D4D7EE}.Release|Any CPU.ActiveCfg = Release|Any CPU
		{8BA16BCD-4F72-425F-906B-F08174D4D7EE}.Release|Any CPU.Build.0 = Release|Any CPU
	EndGlobalSection
	GlobalSection(SolutionProperties) = preSolution
		HideSolutionNode = FALSE
	EndGlobalSection
	GlobalSection(ExtensibilityGlobals) = postSolution
		SolutionGuid = {DB45D41F-C2B0-4D6C-A627-2429E4F1C70A}
	EndGlobalSection
EndGlobal
